
Microsoft Visual Studio Solution File, Format Version 12.00
# Visual Studio Version 16
VisualStudioVersion = 16.0.30804.86
MinimumVisualStudioVersion = 10.0.40219.1
Project("{FAE04EC0-301F-11D3-BF4B-00C04F79EFBC}") = "Dictionary", "Dictionary\Dictionary.csproj", "{A53F6046-61A0-4907-971A-EA8DB0AE8D05}"
EndProject
Global
	GlobalSection(SolutionConfigurationPlatforms) = preSolution
		Debug|Any CPU = Debug|Any CPU
		Release|Any CPU = Release|Any CPU
	EndGlobalSection
	GlobalSection(ProjectConfigurationPlatforms) = postSolution
		{A53F6046-61A0-4907-971A-EA8DB0AE8D05}.Debug|Any CPU.ActiveCfg = Debug|Any CPU
		{A53F6046-61A0-4907-971A-EA8DB0AE8D05}.Debug|Any CPU.Build.0 = Debug|Any CPU
		{A53F6046-61A0-4907-971A-EA8DB0AE8D05}.Release|Any CPU.ActiveCfg = Release|Any CPU
		{A53F6046-61A0-4907-971A-EA8DB0AE8D05}.Release|Any CPU.Build.0 = Release|Any CPU
	EndGlobalSection
	GlobalSection(SolutionProperties) = preSolution
		HideSolutionNode = FALSE
	EndGlobalSection
	GlobalSection(ExtensibilityGlobals) = postSolution
		SolutionGuid = {823D72D5-EAA3-4185-B4A2-B7026268764E}
	EndGlobalSection
EndGlobal
